{
  "version": 4,
  "terraform_version": "1.3.7",
  "serial": 16,
  "lineage": "0b8daab7-9c09-86d8-5e91-5382b49f2833",
  "outputs": {
    "time": {
      "value": "2023-01-18T20:11:18Z",
      "type": "string"
    }
  },
  "resources": [
    {
      "module": "module.app-registration",
      "mode": "managed",
      "type": "azuread_application",
      "name": "app",
      "provider": "provider[\"registry.terraform.io/hashicorp/azuread\"]",
      "instances": [
        {
          "schema_version": 1,
          "attributes": {
            "api": [
              {
                "known_client_applications": [],
                "mapped_claims_enabled": false,
                "oauth2_permission_scope": [],
                "requested_access_token_version": 1
              }
            ],
            "app_role": [],
            "app_role_ids": {},
            "application_id": "b18ba86c-33f5-4ecd-96e8-6f3e77e879d1",
            "device_only_auth_enabled": false,
            "disabled_by_microsoft": "\u003cnil\u003e",
            "display_name": "sbs-azure-poc-test",
            "fallback_public_client_enabled": false,
            "feature_tags": [
              {
                "custom_single_sign_on": false,
                "enterprise": false,
                "gallery": false,
                "hide": false
              }
            ],
            "group_membership_claims": [],
            "id": "e1058e9e-1707-409f-b4f4-64123d306e12",
            "identifier_uris": [],
            "logo_image": "",
            "logo_url": "",
            "marketing_url": "",
            "oauth2_permission_scope_ids": {},
            "oauth2_post_response_required": false,
            "object_id": "e1058e9e-1707-409f-b4f4-64123d306e12",
            "optional_claims": [
              {
                "access_token": [],
                "id_token": [],
                "saml2_token": []
              }
            ],
            "owners": [],
            "prevent_duplicate_names": false,
            "privacy_statement_url": "",
            "public_client": [
              {
                "redirect_uris": []
              }
            ],
            "publisher_domain": "cloudifyi.com",
            "required_resource_access": [],
            "sign_in_audience": "AzureADMyOrg",
            "single_page_application": [
              {
                "redirect_uris": []
              }
            ],
            "support_url": "",
            "tags": [],
            "template_id": "",
            "terms_of_service_url": "",
            "timeouts": null,
            "web": [
              {
                "homepage_url": "",
                "implicit_grant": [
                  {
                    "access_token_issuance_enabled": false,
                    "id_token_issuance_enabled": false
                  }
                ],
                "logout_url": "",
                "redirect_uris": []
              }
            ]
          },
          "sensitive_attributes": [],
          "private": "eyJlMmJmYjczMC1lY2FhLTExZTYtOGY4OC0zNDM2M2JjN2M0YzAiOnsiY3JlYXRlIjo2MDAwMDAwMDAwMDAsImRlbGV0ZSI6MzAwMDAwMDAwMDAwLCJyZWFkIjozMDAwMDAwMDAwMDAsInVwZGF0ZSI6NjAwMDAwMDAwMDAwfSwic2NoZW1hX3ZlcnNpb24iOiIxIn0="
        }
      ]
    },
    {
      "module": "module.app-registration",
      "mode": "managed",
      "type": "azuread_application_password",
      "name": "sp-password-2",
      "provider": "provider[\"registry.terraform.io/hashicorp/azuread\"]",
      "instances": [
        {
          "schema_version": 1,
          "attributes": {
            "application_object_id": "e1058e9e-1707-409f-b4f4-64123d306e12",
            "display_name": null,
            "end_date": "2023-01-18T20:41:18Z",
            "end_date_relative": null,
            "id": "e1058e9e-1707-409f-b4f4-64123d306e12/password/fc57d807-e5dd-4d80-b70b-849fa890519d",
            "key_id": "fc57d807-e5dd-4d80-b70b-849fa890519d",
            "rotate_when_changed": null,
            "start_date": "2023-01-18T20:11:18Z",
            "timeouts": null,
            "value": "3SF8Q~MafLaNo5wKJ8~gZdTI1NzeNQs3dd75AcHN"
          },
          "sensitive_attributes": [],
          "private": "eyJlMmJmYjczMC1lY2FhLTExZTYtOGY4OC0zNDM2M2JjN2M0YzAiOnsiY3JlYXRlIjo5MDAwMDAwMDAwMDAsImRlbGV0ZSI6MzAwMDAwMDAwMDAwLCJyZWFkIjozMDAwMDAwMDAwMDAsInVwZGF0ZSI6MzAwMDAwMDAwMDAwfSwic2NoZW1hX3ZlcnNpb24iOiIxIn0=",
          "dependencies": [
            "module.app-registration.azuread_application.app",
            "module.app-registration.time_rotating.time"
          ]
        }
      ]
    },
    {
      "module": "module.app-registration",
      "mode": "managed",
      "type": "azuread_service_principal",
      "name": "sp",
      "provider": "provider[\"registry.terraform.io/hashicorp/azuread\"]",
      "instances": [
        {
          "schema_version": 0,
          "attributes": {
            "account_enabled": true,
            "alternative_names": [],
            "app_role_assignment_required": false,
            "app_role_ids": {},
            "app_roles": [],
            "application_id": "b18ba86c-33f5-4ecd-96e8-6f3e77e879d1",
            "application_tenant_id": "bb5b546b-3434-4ff0-98cb-6ccf862555a5",
            "description": "",
            "display_name": "sbs-azure-poc-test",
            "feature_tags": [
              {
                "custom_single_sign_on": false,
                "enterprise": false,
                "gallery": false,
                "hide": false
              }
            ],
            "features": [
              {
                "custom_single_sign_on_app": false,
                "enterprise_application": false,
                "gallery_application": false,
                "visible_to_users": true
              }
            ],
            "homepage_url": "",
            "id": "ad7363c6-767e-4ff7-9494-cfe871498489",
            "login_url": "",
            "logout_url": "",
            "notes": "",
            "notification_email_addresses": [],
            "oauth2_permission_scope_ids": {},
            "oauth2_permission_scopes": [],
            "object_id": "ad7363c6-767e-4ff7-9494-cfe871498489",
            "owners": [],
            "preferred_single_sign_on_mode": "",
            "redirect_uris": [],
            "saml_metadata_url": "",
            "saml_single_sign_on": [
              {
                "relay_state": ""
              }
            ],
            "service_principal_names": [],
            "sign_in_audience": "AzureADMyOrg",
            "tags": [],
            "timeouts": null,
            "type": "Application",
            "use_existing": true
          },
          "sensitive_attributes": [],
          "private": "eyJlMmJmYjczMC1lY2FhLTExZTYtOGY4OC0zNDM2M2JjN2M0YzAiOnsiY3JlYXRlIjo2MDAwMDAwMDAwMDAsImRlbGV0ZSI6MzAwMDAwMDAwMDAwLCJyZWFkIjozMDAwMDAwMDAwMDAsInVwZGF0ZSI6NjAwMDAwMDAwMDAwfX0=",
          "dependencies": [
            "module.app-registration.azuread_application.app"
          ]
        }
      ]
    },
    {
      "module": "module.app-registration",
      "mode": "managed",
      "type": "time_rotating",
      "name": "time",
      "provider": "provider[\"registry.terraform.io/hashicorp/time\"]",
      "instances": [
        {
          "schema_version": 0,
          "attributes": {
            "day": 18,
            "hour": 20,
            "id": "2023-01-18T20:11:18Z",
            "minute": 31,
            "month": 1,
            "rfc3339": "2023-01-18T20:11:18Z",
            "rotation_days": null,
            "rotation_hours": null,
            "rotation_minutes": 20,
            "rotation_months": null,
            "rotation_rfc3339": "2023-01-18T20:31:18Z",
            "rotation_years": null,
            "second": 18,
            "triggers": null,
            "unix": 1674073878,
            "year": 2023
          },
          "sensitive_attributes": []
        }
      ]
    }
  ],
  "check_results": null
}
